
Microsoft Visual Studio Solution File, Format Version 12.00
# Visual Studio Version 17
VisualStudioVersion = 17.11.35312.102
MinimumVisualStudioVersion = 10.0.40219.1
Project("{9A19103F-16F7-4668-BE54-9A1E7A4F7556}") = "Invoice.API", "Invoice.API\Invoice.API.csproj", "{F97B6C73-26AB-4944-B57B-83A076ED9C0B}"
EndProject
Project("{9A19103F-16F7-4668-BE54-9A1E7A4F7556}") = "Invoice.Interactor", "Invoice.Interactor\Invoice.Interactor.csproj", "{F48D9225-A4A9-40A2-AE04-3326C0562DD8}"
EndProject
Project("{9A19103F-16F7-4668-BE54-9A1E7A4F7556}") = "Invoice.Repository", "Invoice.Repository\Invoice.Repository.csproj", "{96FCA878-1779-4D11-9DC8-984735C4F52A}"
EndProject
Project("{FAE04EC0-301F-11D3-BF4B-00C04F79EFBC}") = "InvoiceTests", "InvoiceTests\InvoiceTests.csproj", "{861ACE13-8A04-4033-A0B7-080957BBEF6A}"
EndProject
Global
	GlobalSection(SolutionConfigurationPlatforms) = preSolution
		Debug|Any CPU = Debug|Any CPU
		Release|Any CPU = Release|Any CPU
	EndGlobalSection
	GlobalSection(ProjectConfigurationPlatforms) = postSolution
		{F97B6C73-26AB-4944-B57B-83A076ED9C0B}.Debug|Any CPU.ActiveCfg = Debug|Any CPU
		{F97B6C73-26AB-4944-B57B-83A076ED9C0B}.Debug|Any CPU.Build.0 = Debug|Any CPU
		{F97B6C73-26AB-4944-B57B-83A076ED9C0B}.Release|Any CPU.ActiveCfg = Release|Any CPU
		{F97B6C73-26AB-4944-B57B-83A076ED9C0B}.Release|Any CPU.Build.0 = Release|Any CPU
		{F48D9225-A4A9-40A2-AE04-3326C0562DD8}.Debug|Any CPU.ActiveCfg = Debug|Any CPU
		{F48D9225-A4A9-40A2-AE04-3326C0562DD8}.Debug|Any CPU.Build.0 = Debug|Any CPU
		{F48D9225-A4A9-40A2-AE04-3326C0562DD8}.Release|Any CPU.ActiveCfg = Release|Any CPU
		{F48D9225-A4A9-40A2-AE04-3326C0562DD8}.Release|Any CPU.Build.0 = Release|Any CPU
		{96FCA878-1779-4D11-9DC8-984735C4F52A}.Debug|Any CPU.ActiveCfg = Debug|Any CPU
		{96FCA878-1779-4D11-9DC8-984735C4F52A}.Debug|Any CPU.Build.0 = Debug|Any CPU
		{96FCA878-1779-4D11-9DC8-984735C4F52A}.Release|Any CPU.ActiveCfg = Release|Any CPU
		{96FCA878-1779-4D11-9DC8-984735C4F52A}.Release|Any CPU.Build.0 = Release|Any CPU
		{861ACE13-8A04-4033-A0B7-080957BBEF6A}.Debug|Any CPU.ActiveCfg = Debug|Any CPU
		{861ACE13-8A04-4033-A0B7-080957BBEF6A}.Debug|Any CPU.Build.0 = Debug|Any CPU
		{861ACE13-8A04-4033-A0B7-080957BBEF6A}.Release|Any CPU.ActiveCfg = Release|Any CPU
		{861ACE13-8A04-4033-A0B7-080957BBEF6A}.Release|Any CPU.Build.0 = Release|Any CPU
	EndGlobalSection
	GlobalSection(SolutionProperties) = preSolution
		HideSolutionNode = FALSE
	EndGlobalSection
	GlobalSection(ExtensibilityGlobals) = postSolution
		SolutionGuid = {FAB2F794-5173-499A-B3F7-620C18177B2E}
	EndGlobalSection
EndGlobal
